
Microsoft Visual Studio Solution File, Format Version 12.00
# Visual Studio Version 17
VisualStudioVersion = 17.13.35825.156
MinimumVisualStudioVersion = 10.0.40219.1
Project("{FAE04EC0-301F-11D3-BF4B-00C04F79EFBC}") = "Presentation", "Presentation\Presentation.csproj", "{0ABA25D9-88D8-4E54-9740-22B393DFE8EF}"
EndProject
Project("{FAE04EC0-301F-11D3-BF4B-00C04F79EFBC}") = "Data", "Data\Data.csproj", "{E7ED4026-35DF-4673-AE25-730F587195D9}"
EndProject
Project("{FAE04EC0-301F-11D3-BF4B-00C04F79EFBC}") = "Buisiness", "Buisiness\Buisiness.csproj", "{1822E263-6C32-4622-9750-F87DEBDBEDB9}"
EndProject
Project("{FAE04EC0-301F-11D3-BF4B-00C04F79EFBC}") = "Domain", "Domain\Domain.csproj", "{FC927DDD-A37B-437F-9BE2-E55166629821}"
EndProject
Project("{FAE04EC0-301F-11D3-BF4B-00C04F79EFBC}") = "Webapp", "Webapp\Webapp.csproj", "{DB2547B6-BD53-44D9-A66F-BB28D25F1301}"
EndProject
Global
	GlobalSection(SolutionConfigurationPlatforms) = preSolution
		Debug|Any CPU = Debug|Any CPU
		Release|Any CPU = Release|Any CPU
	EndGlobalSection
	GlobalSection(ProjectConfigurationPlatforms) = postSolution
		{0ABA25D9-88D8-4E54-9740-22B393DFE8EF}.Debug|Any CPU.ActiveCfg = Debug|Any CPU
		{0ABA25D9-88D8-4E54-9740-22B393DFE8EF}.Debug|Any CPU.Build.0 = Debug|Any CPU
		{0ABA25D9-88D8-4E54-9740-22B393DFE8EF}.Release|Any CPU.ActiveCfg = Release|Any CPU
		{0ABA25D9-88D8-4E54-9740-22B393DFE8EF}.Release|Any CPU.Build.0 = Release|Any CPU
		{E7ED4026-35DF-4673-AE25-730F587195D9}.Debug|Any CPU.ActiveCfg = Debug|Any CPU
		{E7ED4026-35DF-4673-AE25-730F587195D9}.Debug|Any CPU.Build.0 = Debug|Any CPU
		{E7ED4026-35DF-4673-AE25-730F587195D9}.Release|Any CPU.ActiveCfg = Release|Any CPU
		{E7ED4026-35DF-4673-AE25-730F587195D9}.Release|Any CPU.Build.0 = Release|Any CPU
		{1822E263-6C32-4622-9750-F87DEBDBEDB9}.Debug|Any CPU.ActiveCfg = Debug|Any CPU
		{1822E263-6C32-4622-9750-F87DEBDBEDB9}.Debug|Any CPU.Build.0 = Debug|Any CPU
		{1822E263-6C32-4622-9750-F87DEBDBEDB9}.Release|Any CPU.ActiveCfg = Release|Any CPU
		{1822E263-6C32-4622-9750-F87DEBDBEDB9}.Release|Any CPU.Build.0 = Release|Any CPU
		{FC927DDD-A37B-437F-9BE2-E55166629821}.Debug|Any CPU.ActiveCfg = Debug|Any CPU
		{FC927DDD-A37B-437F-9BE2-E55166629821}.Debug|Any CPU.Build.0 = Debug|Any CPU
		{FC927DDD-A37B-437F-9BE2-E55166629821}.Release|Any CPU.ActiveCfg = Release|Any CPU
		{FC927DDD-A37B-437F-9BE2-E55166629821}.Release|Any CPU.Build.0 = Release|Any CPU
		{DB2547B6-BD53-44D9-A66F-BB28D25F1301}.Debug|Any CPU.ActiveCfg = Debug|Any CPU
		{DB2547B6-BD53-44D9-A66F-BB28D25F1301}.Debug|Any CPU.Build.0 = Debug|Any CPU
		{DB2547B6-BD53-44D9-A66F-BB28D25F1301}.Release|Any CPU.ActiveCfg = Release|Any CPU
		{DB2547B6-BD53-44D9-A66F-BB28D25F1301}.Release|Any CPU.Build.0 = Release|Any CPU
	EndGlobalSection
	GlobalSection(SolutionProperties) = preSolution
		HideSolutionNode = FALSE
	EndGlobalSection
	GlobalSection(ExtensibilityGlobals) = postSolution
		SolutionGuid = {0039E72F-F040-40F9-9E33-1C1004DA279C}
	EndGlobalSection
EndGlobal
